// !$*UTF8*$!
{
	archiveVersion = 1;
	classes = {
	};
	objectVersion = 46;
	objects = {

/* Begin PBXBuildFile section */
		DF24B1211871DF0C00B57855 /* NewCharacterViewController.m in Sources */ = {isa = PBXBuildFile; fileRef = DF24B1201871DF0C00B57855 /* NewCharacterViewController.m */; };
		DF24B1241871EC9A00B57855 /* PlayerCellView.m in Sources */ = {isa = PBXBuildFile; fileRef = DF24B1231871EC9A00B57855 /* PlayerCellView.m */; };
		DF24B1281874B46C00B57855 /* CharacterStatListViewController.m in Sources */ = {isa = PBXBuildFile; fileRef = DF24B1271874B46C00B57855 /* CharacterStatListViewController.m */; };
		DF24B1341877377900B57855 /* StatView.m in Sources */ = {isa = PBXBuildFile; fileRef = DF24B1331877377900B57855 /* StatView.m */; };
		DF2A96D518982CBD00A6EB45 /* SkillTemplate.m in Sources */ = {isa = PBXBuildFile; fileRef = DF2A96D418982CBD00A6EB45 /* SkillTemplate.m */; };
		DF2A96D818982CBD00A6EB45 /* Skill.m in Sources */ = {isa = PBXBuildFile; fileRef = DF2A96D718982CBD00A6EB45 /* Skill.m */; };
		DF49368F18E569D30058129E /* CoreSkill.m in Sources */ = {isa = PBXBuildFile; fileRef = DF49368E18E569D30058129E /* CoreSkill.m */; };
		DF49369818EC6FBB0058129E /* StatSet.m in Sources */ = {isa = PBXBuildFile; fileRef = DF49369718EC6FBB0058129E /* StatSet.m */; };
		DF4F935418D9D5D400C6ED26 /* MeleeSkill.m in Sources */ = {isa = PBXBuildFile; fileRef = DF4F935318D9D5D400C6ED26 /* MeleeSkill.m */; };
		DF4F936818DCC32300C6ED26 /* StatView.xib in Resources */ = {isa = PBXBuildFile; fileRef = DF4F936718DCC32300C6ED26 /* StatView.xib */; };
		DF4F936B18DDABC000C6ED26 /* RegularSkill.m in Sources */ = {isa = PBXBuildFile; fileRef = DF4F936A18DDABC000C6ED26 /* RegularSkill.m */; };
		DF4F936E18DDB3FD00C6ED26 /* AppIcon.png in Resources */ = {isa = PBXBuildFile; fileRef = DF4F936C18DDB3FD00C6ED26 /* AppIcon.png */; };
		DF4F936F18DDB3FD00C6ED26 /* AppIcon@2x.png in Resources */ = {isa = PBXBuildFile; fileRef = DF4F936D18DDB3FD00C6ED26 /* AppIcon@2x.png */; };
		DF4F937218DDBF6100C6ED26 /* RangeSkill.m in Sources */ = {isa = PBXBuildFile; fileRef = DF4F937118DDBF6100C6ED26 /* RangeSkill.m */; };
		DF4F937518DDBF6100C6ED26 /* MagicSkill.m in Sources */ = {isa = PBXBuildFile; fileRef = DF4F937418DDBF6100C6ED26 /* MagicSkill.m */; };
		DF4F937818DDBF6100C6ED26 /* PietySkill.m in Sources */ = {isa = PBXBuildFile; fileRef = DF4F937718DDBF6100C6ED26 /* PietySkill.m */; };
		DF4F937B18DDBFF100C6ED26 /* CharacterConditionAttributes.m in Sources */ = {isa = PBXBuildFile; fileRef = DF4F937A18DDBFF100C6ED26 /* CharacterConditionAttributes.m */; };
		DF6E927C18D33F18000967F5 /* SkillViewCell.xib in Resources */ = {isa = PBXBuildFile; fileRef = DF6E927B18D33F18000967F5 /* SkillViewCell.xib */; };
		DF6E927F18D43076000967F5 /* CustomXpRaisingBtnView.m in Sources */ = {isa = PBXBuildFile; fileRef = DF6E927E18D43076000967F5 /* CustomXpRaisingBtnView.m */; };
		DF6E928E18D43946000967F5 /* lowerXp.png in Resources */ = {isa = PBXBuildFile; fileRef = DF6E928A18D43946000967F5 /* lowerXp.png */; };
		DF6E928F18D43946000967F5 /* lowerXp@2x.png in Resources */ = {isa = PBXBuildFile; fileRef = DF6E928B18D43946000967F5 /* lowerXp@2x.png */; };
		DF6E929018D43946000967F5 /* raiseXp.png in Resources */ = {isa = PBXBuildFile; fileRef = DF6E928C18D43946000967F5 /* raiseXp.png */; };
		DF6E929118D43946000967F5 /* raiseXp@2x.png in Resources */ = {isa = PBXBuildFile; fileRef = DF6E928D18D43946000967F5 /* raiseXp@2x.png */; };
		DF6E929418D4399B000967F5 /* noImage.png in Resources */ = {isa = PBXBuildFile; fileRef = DF6E929218D4399B000967F5 /* noImage.png */; };
		DF6E929518D4399B000967F5 /* noImage@2x.png in Resources */ = {isa = PBXBuildFile; fileRef = DF6E929318D4399B000967F5 /* noImage@2x.png */; };
		DF78AEC818B66C6C009DB90B /* Character.m in Sources */ = {isa = PBXBuildFile; fileRef = DF78AEC718B66C6C009DB90B /* Character.m */; };
		DFAED100186309B40039D17B /* Foundation.framework in Frameworks */ = {isa = PBXBuildFile; fileRef = DFAED0FF186309B40039D17B /* Foundation.framework */; };
		DFAED102186309B40039D17B /* CoreGraphics.framework in Frameworks */ = {isa = PBXBuildFile; fileRef = DFAED101186309B40039D17B /* CoreGraphics.framework */; };
		DFAED104186309B40039D17B /* UIKit.framework in Frameworks */ = {isa = PBXBuildFile; fileRef = DFAED103186309B40039D17B /* UIKit.framework */; };
		DFAED10A186309B40039D17B /* InfoPlist.strings in Resources */ = {isa = PBXBuildFile; fileRef = DFAED108186309B40039D17B /* InfoPlist.strings */; };
		DFAED10C186309B40039D17B /* main.m in Sources */ = {isa = PBXBuildFile; fileRef = DFAED10B186309B40039D17B /* main.m */; };
		DFAED110186309B40039D17B /* AppDelegate.m in Sources */ = {isa = PBXBuildFile; fileRef = DFAED10F186309B40039D17B /* AppDelegate.m */; };
		DFAED113186309B40039D17B /* Main.storyboard in Resources */ = {isa = PBXBuildFile; fileRef = DFAED111186309B40039D17B /* Main.storyboard */; };
		DFAED116186309B40039D17B /* PlayerListViewController.m in Sources */ = {isa = PBXBuildFile; fileRef = DFAED115186309B40039D17B /* PlayerListViewController.m */; };
		DFAED118186309B40039D17B /* Images.xcassets in Resources */ = {isa = PBXBuildFile; fileRef = DFAED117186309B40039D17B /* Images.xcassets */; };
		DFAED11F186309B40039D17B /* XCTest.framework in Frameworks */ = {isa = PBXBuildFile; fileRef = DFAED11E186309B40039D17B /* XCTest.framework */; };
		DFAED120186309B40039D17B /* Foundation.framework in Frameworks */ = {isa = PBXBuildFile; fileRef = DFAED0FF186309B40039D17B /* Foundation.framework */; };
		DFAED121186309B40039D17B /* UIKit.framework in Frameworks */ = {isa = PBXBuildFile; fileRef = DFAED103186309B40039D17B /* UIKit.framework */; };
		DFAED129186309B40039D17B /* InfoPlist.strings in Resources */ = {isa = PBXBuildFile; fileRef = DFAED127186309B40039D17B /* InfoPlist.strings */; };
		DFAED12B186309B40039D17B /* PlayerProgressTrackerTests.m in Sources */ = {isa = PBXBuildFile; fileRef = DFAED12A186309B40039D17B /* PlayerProgressTrackerTests.m */; };
		DFAED13718630A540039D17B /* Model.xcdatamodeld in Sources */ = {isa = PBXBuildFile; fileRef = DFAED13518630A540039D17B /* Model.xcdatamodeld */; };
		DFAED13A186331790039D17B /* CoreDataClass.m in Sources */ = {isa = PBXBuildFile; fileRef = DFAED139186331790039D17B /* CoreDataClass.m */; };
		DFAED13D1863329B0039D17B /* AppSettings.m in Sources */ = {isa = PBXBuildFile; fileRef = DFAED13C1863329B0039D17B /* AppSettings.m */; };
		DFAED140186333000039D17B /* CoreDataViewController.m in Sources */ = {isa = PBXBuildFile; fileRef = DFAED13F186333000039D17B /* CoreDataViewController.m */; };
		DFAED1621864D4C10039D17B /* DropDownViewController.m in Sources */ = {isa = PBXBuildFile; fileRef = DFAED1611864D4C10039D17B /* DropDownViewController.m */; };
		DFB07C07187F0AEE00FF0EF7 /* StatSetDropDown.m in Sources */ = {isa = PBXBuildFile; fileRef = DFB07C06187F0AEE00FF0EF7 /* StatSetDropDown.m */; };
		DFB07C0A18815C9B00FF0EF7 /* Item.m in Sources */ = {isa = PBXBuildFile; fileRef = DFB07C0918815C9B00FF0EF7 /* Item.m */; };
		DFB07C1318815C9C00FF0EF7 /* Insanity.m in Sources */ = {isa = PBXBuildFile; fileRef = DFB07C1218815C9C00FF0EF7 /* Insanity.m */; };
		DFB07C1918815C9C00FF0EF7 /* WeaponMelee.m in Sources */ = {isa = PBXBuildFile; fileRef = DFB07C1818815C9C00FF0EF7 /* WeaponMelee.m */; };
		DFB07C1F18815C9C00FF0EF7 /* WeaponRanged.m in Sources */ = {isa = PBXBuildFile; fileRef = DFB07C1E18815C9C00FF0EF7 /* WeaponRanged.m */; };
		DFB07C2718815EE800FF0EF7 /* Pic.m in Sources */ = {isa = PBXBuildFile; fileRef = DFB07C2318815EE800FF0EF7 /* Pic.m */; };
		DFC3B9B4188849E00026C0A4 /* SkillViewCell.m in Sources */ = {isa = PBXBuildFile; fileRef = DFC3B9B3188849E00026C0A4 /* SkillViewCell.m */; };
		DFC3B9BA18884C7A0026C0A4 /* SkillTableViewController.m in Sources */ = {isa = PBXBuildFile; fileRef = DFC3B9B918884C7A0026C0A4 /* SkillTableViewController.m */; };
		DFC88CAC186B0EA6007E4D90 /* SkillManager.m in Sources */ = {isa = PBXBuildFile; fileRef = DFC88CAB186B0EA6007E4D90 /* SkillManager.m */; };
/* End PBXBuildFile section */

/* Begin PBXContainerItemProxy section */
		DFAED122186309B40039D17B /* PBXContainerItemProxy */ = {
			isa = PBXContainerItemProxy;
			containerPortal = DFAED0F4186309B40039D17B /* Project object */;
			proxyType = 1;
			remoteGlobalIDString = DFAED0FB186309B40039D17B;
			remoteInfo = PlayerProgressTracker;
		};
/* End PBXContainerItemProxy section */

/* Begin PBXFileReference section */
		DF24B11F1871DF0C00B57855 /* NewCharacterViewController.h */ = {isa = PBXFileReference; fileEncoding = 4; lastKnownFileType = sourcecode.c.h; path = NewCharacterViewController.h; sourceTree = "<group>"; };
		DF24B1201871DF0C00B57855 /* NewCharacterViewController.m */ = {isa = PBXFileReference; fileEncoding = 4; lastKnownFileType = sourcecode.c.objc; path = NewCharacterViewController.m; sourceTree = "<group>"; };
		DF24B1221871EC9A00B57855 /* PlayerCellView.h */ = {isa = PBXFileReference; fileEncoding = 4; lastKnownFileType = sourcecode.c.h; path = PlayerCellView.h; sourceTree = "<group>"; };
		DF24B1231871EC9A00B57855 /* PlayerCellView.m */ = {isa = PBXFileReference; fileEncoding = 4; lastKnownFileType = sourcecode.c.objc; path = PlayerCellView.m; sourceTree = "<group>"; };
		DF24B1261874B46C00B57855 /* CharacterStatListViewController.h */ = {isa = PBXFileReference; fileEncoding = 4; lastKnownFileType = sourcecode.c.h; path = CharacterStatListViewController.h; sourceTree = "<group>"; };
		DF24B1271874B46C00B57855 /* CharacterStatListViewController.m */ = {isa = PBXFileReference; fileEncoding = 4; lastKnownFileType = sourcecode.c.objc; path = CharacterStatListViewController.m; sourceTree = "<group>"; };
		DF24B1291874B75900B57855 /* ColorConstants.h */ = {isa = PBXFileReference; fileEncoding = 4; lastKnownFileType = sourcecode.c.h; path = ColorConstants.h; sourceTree = "<group>"; };
		DF24B1321877377900B57855 /* StatView.h */ = {isa = PBXFileReference; fileEncoding = 4; lastKnownFileType = sourcecode.c.h; path = StatView.h; sourceTree = "<group>"; };
		DF24B1331877377900B57855 /* StatView.m */ = {isa = PBXFileReference; fileEncoding = 4; lastKnownFileType = sourcecode.c.objc; path = StatView.m; sourceTree = "<group>"; };
		DF2A96D318982CBD00A6EB45 /* SkillTemplate.h */ = {isa = PBXFileReference; fileEncoding = 4; lastKnownFileType = sourcecode.c.h; path = SkillTemplate.h; sourceTree = "<group>"; };
		DF2A96D418982CBD00A6EB45 /* SkillTemplate.m */ = {isa = PBXFileReference; fileEncoding = 4; lastKnownFileType = sourcecode.c.objc; path = SkillTemplate.m; sourceTree = "<group>"; };
		DF2A96D618982CBD00A6EB45 /* Skill.h */ = {isa = PBXFileReference; fileEncoding = 4; lastKnownFileType = sourcecode.c.h; path = Skill.h; sourceTree = "<group>"; };
		DF2A96D718982CBD00A6EB45 /* Skill.m */ = {isa = PBXFileReference; fileEncoding = 4; lastKnownFileType = sourcecode.c.objc; path = Skill.m; sourceTree = "<group>"; };
		DF49368D18E569D30058129E /* CoreSkill.h */ = {isa = PBXFileReference; fileEncoding = 4; lastKnownFileType = sourcecode.c.h; path = CoreSkill.h; sourceTree = "<group>"; };
		DF49368E18E569D30058129E /* CoreSkill.m */ = {isa = PBXFileReference; fileEncoding = 4; lastKnownFileType = sourcecode.c.objc; path = CoreSkill.m; sourceTree = "<group>"; };
		DF49369618EC6FBB0058129E /* StatSet.h */ = {isa = PBXFileReference; fileEncoding = 4; lastKnownFileType = sourcecode.c.h; path = StatSet.h; sourceTree = "<group>"; };
		DF49369718EC6FBB0058129E /* StatSet.m */ = {isa = PBXFileReference; fileEncoding = 4; lastKnownFileType = sourcecode.c.objc; path = StatSet.m; sourceTree = "<group>"; };
		DF4F935218D9D5D400C6ED26 /* MeleeSkill.h */ = {isa = PBXFileReference; fileEncoding = 4; lastKnownFileType = sourcecode.c.h; path = MeleeSkill.h; sourceTree = "<group>"; };
		DF4F935318D9D5D400C6ED26 /* MeleeSkill.m */ = {isa = PBXFileReference; fileEncoding = 4; lastKnownFileType = sourcecode.c.objc; path = MeleeSkill.m; sourceTree = "<group>"; };
		DF4F936718DCC32300C6ED26 /* StatView.xib */ = {isa = PBXFileReference; fileEncoding = 4; lastKnownFileType = file.xib; path = StatView.xib; sourceTree = "<group>"; };
		DF4F936918DDABC000C6ED26 /* RegularSkill.h */ = {isa = PBXFileReference; fileEncoding = 4; lastKnownFileType = sourcecode.c.h; path = RegularSkill.h; sourceTree = "<group>"; };
		DF4F936A18DDABC000C6ED26 /* RegularSkill.m */ = {isa = PBXFileReference; fileEncoding = 4; lastKnownFileType = sourcecode.c.objc; path = RegularSkill.m; sourceTree = "<group>"; };
		DF4F936C18DDB3FD00C6ED26 /* AppIcon.png */ = {isa = PBXFileReference; lastKnownFileType = image.png; name = AppIcon.png; path = Images/AppIcon.png; sourceTree = SOURCE_ROOT; };
		DF4F936D18DDB3FD00C6ED26 /* AppIcon@2x.png */ = {isa = PBXFileReference; lastKnownFileType = image.png; name = "AppIcon@2x.png"; path = "Images/AppIcon@2x.png"; sourceTree = SOURCE_ROOT; };
		DF4F937018DDBF6100C6ED26 /* RangeSkill.h */ = {isa = PBXFileReference; fileEncoding = 4; lastKnownFileType = sourcecode.c.h; path = RangeSkill.h; sourceTree = "<group>"; };
		DF4F937118DDBF6100C6ED26 /* RangeSkill.m */ = {isa = PBXFileReference; fileEncoding = 4; lastKnownFileType = sourcecode.c.objc; path = RangeSkill.m; sourceTree = "<group>"; };
		DF4F937318DDBF6100C6ED26 /* MagicSkill.h */ = {isa = PBXFileReference; fileEncoding = 4; lastKnownFileType = sourcecode.c.h; path = MagicSkill.h; sourceTree = "<group>"; };
		DF4F937418DDBF6100C6ED26 /* MagicSkill.m */ = {isa = PBXFileReference; fileEncoding = 4; lastKnownFileType = sourcecode.c.objc; path = MagicSkill.m; sourceTree = "<group>"; };
		DF4F937618DDBF6100C6ED26 /* PietySkill.h */ = {isa = PBXFileReference; fileEncoding = 4; lastKnownFileType = sourcecode.c.h; path = PietySkill.h; sourceTree = "<group>"; };
		DF4F937718DDBF6100C6ED26 /* PietySkill.m */ = {isa = PBXFileReference; fileEncoding = 4; lastKnownFileType = sourcecode.c.objc; path = PietySkill.m; sourceTree = "<group>"; };
		DF4F937918DDBFF100C6ED26 /* CharacterConditionAttributes.h */ = {isa = PBXFileReference; fileEncoding = 4; lastKnownFileType = sourcecode.c.h; path = CharacterConditionAttributes.h; sourceTree = "<group>"; };
		DF4F937A18DDBFF100C6ED26 /* CharacterConditionAttributes.m */ = {isa = PBXFileReference; fileEncoding = 4; lastKnownFileType = sourcecode.c.objc; path = CharacterConditionAttributes.m; sourceTree = "<group>"; };
		DF6E927B18D33F18000967F5 /* SkillViewCell.xib */ = {isa = PBXFileReference; fileEncoding = 4; lastKnownFileType = file.xib; name = SkillViewCell.xib; path = Views/SkillViewCell.xib; sourceTree = "<group>"; };
		DF6E927D18D43076000967F5 /* CustomXpRaisingBtnView.h */ = {isa = PBXFileReference; fileEncoding = 4; lastKnownFileType = sourcecode.c.h; path = CustomXpRaisingBtnView.h; sourceTree = "<group>"; };
		DF6E927E18D43076000967F5 /* CustomXpRaisingBtnView.m */ = {isa = PBXFileReference; fileEncoding = 4; lastKnownFileType = sourcecode.c.objc; path = CustomXpRaisingBtnView.m; sourceTree = "<group>"; };
		DF6E928A18D43946000967F5 /* lowerXp.png */ = {isa = PBXFileReference; lastKnownFileType = image.png; name = lowerXp.png; path = Images/lowerXp.png; sourceTree = SOURCE_ROOT; };
		DF6E928B18D43946000967F5 /* lowerXp@2x.png */ = {isa = PBXFileReference; lastKnownFileType = image.png; name = "lowerXp@2x.png"; path = "Images/lowerXp@2x.png"; sourceTree = SOURCE_ROOT; };
		DF6E928C18D43946000967F5 /* raiseXp.png */ = {isa = PBXFileReference; lastKnownFileType = image.png; name = raiseXp.png; path = Images/raiseXp.png; sourceTree = SOURCE_ROOT; };
		DF6E928D18D43946000967F5 /* raiseXp@2x.png */ = {isa = PBXFileReference; lastKnownFileType = image.png; name = "raiseXp@2x.png"; path = "Images/raiseXp@2x.png"; sourceTree = SOURCE_ROOT; };
		DF6E929218D4399B000967F5 /* noImage.png */ = {isa = PBXFileReference; lastKnownFileType = image.png; name = noImage.png; path = Images/noImage.png; sourceTree = SOURCE_ROOT; };
		DF6E929318D4399B000967F5 /* noImage@2x.png */ = {isa = PBXFileReference; lastKnownFileType = image.png; name = "noImage@2x.png"; path = "Images/noImage@2x.png"; sourceTree = SOURCE_ROOT; };
		DF78AEC618B66C6C009DB90B /* Character.h */ = {isa = PBXFileReference; fileEncoding = 4; lastKnownFileType = sourcecode.c.h; path = Character.h; sourceTree = "<group>"; };
		DF78AEC718B66C6C009DB90B /* Character.m */ = {isa = PBXFileReference; fileEncoding = 4; lastKnownFileType = sourcecode.c.objc; path = Character.m; sourceTree = "<group>"; };
		DFAED0FC186309B40039D17B /* Xp Tracker.app */ = {isa = PBXFileReference; explicitFileType = wrapper.application; includeInIndex = 0; path = "Xp Tracker.app"; sourceTree = BUILT_PRODUCTS_DIR; };
		DFAED0FF186309B40039D17B /* Foundation.framework */ = {isa = PBXFileReference; lastKnownFileType = wrapper.framework; name = Foundation.framework; path = System/Library/Frameworks/Foundation.framework; sourceTree = SDKROOT; };
		DFAED101186309B40039D17B /* CoreGraphics.framework */ = {isa = PBXFileReference; lastKnownFileType = wrapper.framework; name = CoreGraphics.framework; path = System/Library/Frameworks/CoreGraphics.framework; sourceTree = SDKROOT; };
		DFAED103186309B40039D17B /* UIKit.framework */ = {isa = PBXFileReference; lastKnownFileType = wrapper.framework; name = UIKit.framework; path = System/Library/Frameworks/UIKit.framework; sourceTree = SDKROOT; };
		DFAED107186309B40039D17B /* PlayerProgressTracker-Info.plist */ = {isa = PBXFileReference; lastKnownFileType = text.plist.xml; path = "PlayerProgressTracker-Info.plist"; sourceTree = "<group>"; };
		DFAED109186309B40039D17B /* en */ = {isa = PBXFileReference; lastKnownFileType = text.plist.strings; name = en; path = en.lproj/InfoPlist.strings; sourceTree = "<group>"; };
		DFAED10B186309B40039D17B /* main.m */ = {isa = PBXFileReference; lastKnownFileType = sourcecode.c.objc; path = main.m; sourceTree = "<group>"; };
		DFAED10D186309B40039D17B /* PlayerProgressTracker-Prefix.pch */ = {isa = PBXFileReference; lastKnownFileType = sourcecode.c.h; path = "PlayerProgressTracker-Prefix.pch"; sourceTree = "<group>"; };
		DFAED10E186309B40039D17B /* AppDelegate.h */ = {isa = PBXFileReference; lastKnownFileType = sourcecode.c.h; path = AppDelegate.h; sourceTree = "<group>"; };
		DFAED10F186309B40039D17B /* AppDelegate.m */ = {isa = PBXFileReference; lastKnownFileType = sourcecode.c.objc; path = AppDelegate.m; sourceTree = "<group>"; };
		DFAED112186309B40039D17B /* Base */ = {isa = PBXFileReference; lastKnownFileType = file.storyboard; name = Base; path = Base.lproj/Main.storyboard; sourceTree = "<group>"; };
		DFAED114186309B40039D17B /* PlayerListViewController.h */ = {isa = PBXFileReference; lastKnownFileType = sourcecode.c.h; path = PlayerListViewController.h; sourceTree = "<group>"; };
		DFAED115186309B40039D17B /* PlayerListViewController.m */ = {isa = PBXFileReference; lastKnownFileType = sourcecode.c.objc; path = PlayerListViewController.m; sourceTree = "<group>"; };
		DFAED117186309B40039D17B /* Images.xcassets */ = {isa = PBXFileReference; lastKnownFileType = folder.assetcatalog; path = Images.xcassets; sourceTree = "<group>"; };
		DFAED11D186309B40039D17B /* PlayerProgressTrackerTests.xctest */ = {isa = PBXFileReference; explicitFileType = wrapper.cfbundle; includeInIndex = 0; path = PlayerProgressTrackerTests.xctest; sourceTree = BUILT_PRODUCTS_DIR; };
		DFAED11E186309B40039D17B /* XCTest.framework */ = {isa = PBXFileReference; lastKnownFileType = wrapper.framework; name = XCTest.framework; path = Library/Frameworks/XCTest.framework; sourceTree = DEVELOPER_DIR; };
		DFAED126186309B40039D17B /* PlayerProgressTrackerTests-Info.plist */ = {isa = PBXFileReference; lastKnownFileType = text.plist.xml; path = "PlayerProgressTrackerTests-Info.plist"; sourceTree = "<group>"; };
		DFAED128186309B40039D17B /* en */ = {isa = PBXFileReference; lastKnownFileType = text.plist.strings; name = en; path = en.lproj/InfoPlist.strings; sourceTree = "<group>"; };
		DFAED12A186309B40039D17B /* PlayerProgressTrackerTests.m */ = {isa = PBXFileReference; lastKnownFileType = sourcecode.c.objc; path = PlayerProgressTrackerTests.m; sourceTree = "<group>"; };
		DFAED13618630A540039D17B /* Model.xcdatamodel */ = {isa = PBXFileReference; lastKnownFileType = wrapper.xcdatamodel; path = Model.xcdatamodel; sourceTree = "<group>"; };
		DFAED138186331790039D17B /* CoreDataClass.h */ = {isa = PBXFileReference; fileEncoding = 4; lastKnownFileType = sourcecode.c.h; path = CoreDataClass.h; sourceTree = "<group>"; };
		DFAED139186331790039D17B /* CoreDataClass.m */ = {isa = PBXFileReference; fileEncoding = 4; lastKnownFileType = sourcecode.c.objc; path = CoreDataClass.m; sourceTree = "<group>"; };
		DFAED13B1863329B0039D17B /* AppSettings.h */ = {isa = PBXFileReference; fileEncoding = 4; lastKnownFileType = sourcecode.c.h; path = AppSettings.h; sourceTree = "<group>"; };
		DFAED13C1863329B0039D17B /* AppSettings.m */ = {isa = PBXFileReference; fileEncoding = 4; lastKnownFileType = sourcecode.c.objc; path = AppSettings.m; sourceTree = "<group>"; };
		DFAED13E186333000039D17B /* CoreDataViewController.h */ = {isa = PBXFileReference; fileEncoding = 4; lastKnownFileType = sourcecode.c.h; path = CoreDataViewController.h; sourceTree = "<group>"; };
		DFAED13F186333000039D17B /* CoreDataViewController.m */ = {isa = PBXFileReference; fileEncoding = 4; lastKnownFileType = sourcecode.c.objc; path = CoreDataViewController.m; sourceTree = "<group>"; };
		DFAED1601864D4C10039D17B /* DropDownViewController.h */ = {isa = PBXFileReference; fileEncoding = 4; lastKnownFileType = sourcecode.c.h; path = DropDownViewController.h; sourceTree = "<group>"; };
		DFAED1611864D4C10039D17B /* DropDownViewController.m */ = {isa = PBXFileReference; fileEncoding = 4; lastKnownFileType = sourcecode.c.objc; path = DropDownViewController.m; sourceTree = "<group>"; };
		DFB07C05187F0AEE00FF0EF7 /* StatSetDropDown.h */ = {isa = PBXFileReference; fileEncoding = 4; lastKnownFileType = sourcecode.c.h; path = StatSetDropDown.h; sourceTree = "<group>"; };
		DFB07C06187F0AEE00FF0EF7 /* StatSetDropDown.m */ = {isa = PBXFileReference; fileEncoding = 4; lastKnownFileType = sourcecode.c.objc; path = StatSetDropDown.m; sourceTree = "<group>"; };
		DFB07C0818815C9B00FF0EF7 /* Item.h */ = {isa = PBXFileReference; fileEncoding = 4; lastKnownFileType = sourcecode.c.h; path = Item.h; sourceTree = "<group>"; };
		DFB07C0918815C9B00FF0EF7 /* Item.m */ = {isa = PBXFileReference; fileEncoding = 4; lastKnownFileType = sourcecode.c.objc; path = Item.m; sourceTree = "<group>"; };
		DFB07C1118815C9C00FF0EF7 /* Insanity.h */ = {isa = PBXFileReference; fileEncoding = 4; lastKnownFileType = sourcecode.c.h; path = Insanity.h; sourceTree = "<group>"; };
		DFB07C1218815C9C00FF0EF7 /* Insanity.m */ = {isa = PBXFileReference; fileEncoding = 4; lastKnownFileType = sourcecode.c.objc; path = Insanity.m; sourceTree = "<group>"; };
		DFB07C1718815C9C00FF0EF7 /* WeaponMelee.h */ = {isa = PBXFileReference; fileEncoding = 4; lastKnownFileType = sourcecode.c.h; path = WeaponMelee.h; sourceTree = "<group>"; };
		DFB07C1818815C9C00FF0EF7 /* WeaponMelee.m */ = {isa = PBXFileReference; fileEncoding = 4; lastKnownFileType = sourcecode.c.objc; path = WeaponMelee.m; sourceTree = "<group>"; };
		DFB07C1D18815C9C00FF0EF7 /* WeaponRanged.h */ = {isa = PBXFileReference; fileEncoding = 4; lastKnownFileType = sourcecode.c.h; path = WeaponRanged.h; sourceTree = "<group>"; };
		DFB07C1E18815C9C00FF0EF7 /* WeaponRanged.m */ = {isa = PBXFileReference; fileEncoding = 4; lastKnownFileType = sourcecode.c.objc; path = WeaponRanged.m; sourceTree = "<group>"; };
		DFB07C2218815EE800FF0EF7 /* Pic.h */ = {isa = PBXFileReference; fileEncoding = 4; lastKnownFileType = sourcecode.c.h; path = Pic.h; sourceTree = "<group>"; };
		DFB07C2318815EE800FF0EF7 /* Pic.m */ = {isa = PBXFileReference; fileEncoding = 4; lastKnownFileType = sourcecode.c.objc; path = Pic.m; sourceTree = "<group>"; };
		DFC3B9B2188849E00026C0A4 /* SkillViewCell.h */ = {isa = PBXFileReference; fileEncoding = 4; lastKnownFileType = sourcecode.c.h; path = SkillViewCell.h; sourceTree = "<group>"; };
		DFC3B9B3188849E00026C0A4 /* SkillViewCell.m */ = {isa = PBXFileReference; fileEncoding = 4; lastKnownFileType = sourcecode.c.objc; path = SkillViewCell.m; sourceTree = "<group>"; };
		DFC3B9B818884C7A0026C0A4 /* SkillTableViewController.h */ = {isa = PBXFileReference; fileEncoding = 4; lastKnownFileType = sourcecode.c.h; path = SkillTableViewController.h; sourceTree = "<group>"; };
		DFC3B9B918884C7A0026C0A4 /* SkillTableViewController.m */ = {isa = PBXFileReference; fileEncoding = 4; lastKnownFileType = sourcecode.c.objc; path = SkillTableViewController.m; sourceTree = "<group>"; };
		DFC88CAA186B0EA6007E4D90 /* SkillManager.h */ = {isa = PBXFileReference; fileEncoding = 4; lastKnownFileType = sourcecode.c.h; path = SkillManager.h; sourceTree = "<group>"; };
		DFC88CAB186B0EA6007E4D90 /* SkillManager.m */ = {isa = PBXFileReference; fileEncoding = 4; lastKnownFileType = sourcecode.c.objc; path = SkillManager.m; sourceTree = "<group>"; };
/* End PBXFileReference section */

/* Begin PBXFrameworksBuildPhase section */
		DFAED0F9186309B40039D17B /* Frameworks */ = {
			isa = PBXFrameworksBuildPhase;
			buildActionMask = 2147483647;
			files = (
				DFAED102186309B40039D17B /* CoreGraphics.framework in Frameworks */,
				DFAED104186309B40039D17B /* UIKit.framework in Frameworks */,
				DFAED100186309B40039D17B /* Foundation.framework in Frameworks */,
			);
			runOnlyForDeploymentPostprocessing = 0;
		};
		DFAED11A186309B40039D17B /* Frameworks */ = {
			isa = PBXFrameworksBuildPhase;
			buildActionMask = 2147483647;
			files = (
				DFAED11F186309B40039D17B /* XCTest.framework in Frameworks */,
				DFAED121186309B40039D17B /* UIKit.framework in Frameworks */,
				DFAED120186309B40039D17B /* Foundation.framework in Frameworks */,
			);
			runOnlyForDeploymentPostprocessing = 0;
		};
/* End PBXFrameworksBuildPhase section */

/* Begin PBXGroup section */
		DF24B1251871ECA400B57855 /* View classes */ = {
			isa = PBXGroup;
			children = (
				DF24B1221871EC9A00B57855 /* PlayerCellView.h */,
				DF24B1231871EC9A00B57855 /* PlayerCellView.m */,
				DF24B1321877377900B57855 /* StatView.h */,
				DF24B1331877377900B57855 /* StatView.m */,
				DF4F936718DCC32300C6ED26 /* StatView.xib */,
				DFC3B9B2188849E00026C0A4 /* SkillViewCell.h */,
				DFC3B9B3188849E00026C0A4 /* SkillViewCell.m */,
				DF6E927B18D33F18000967F5 /* SkillViewCell.xib */,
				DF6E927D18D43076000967F5 /* CustomXpRaisingBtnView.h */,
				DF6E927E18D43076000967F5 /* CustomXpRaisingBtnView.m */,
			);
			name = "View classes";
			sourceTree = "<group>";
		};
		DF4F935B18D9D64B00C6ED26 /* Skills */ = {
			isa = PBXGroup;
			children = (
				DF2A96D618982CBD00A6EB45 /* Skill.h */,
				DF2A96D718982CBD00A6EB45 /* Skill.m */,
				DF2A96D318982CBD00A6EB45 /* SkillTemplate.h */,
				DF2A96D418982CBD00A6EB45 /* SkillTemplate.m */,
				DF4F935218D9D5D400C6ED26 /* MeleeSkill.h */,
				DF4F935318D9D5D400C6ED26 /* MeleeSkill.m */,
				DF4F936918DDABC000C6ED26 /* RegularSkill.h */,
				DF4F936A18DDABC000C6ED26 /* RegularSkill.m */,
				DF4F937018DDBF6100C6ED26 /* RangeSkill.h */,
				DF4F937118DDBF6100C6ED26 /* RangeSkill.m */,
				DF4F937318DDBF6100C6ED26 /* MagicSkill.h */,
				DF4F937418DDBF6100C6ED26 /* MagicSkill.m */,
				DF4F937618DDBF6100C6ED26 /* PietySkill.h */,
				DF4F937718DDBF6100C6ED26 /* PietySkill.m */,
				DF49368D18E569D30058129E /* CoreSkill.h */,
				DF49368E18E569D30058129E /* CoreSkill.m */,
			);
			name = Skills;
			sourceTree = "<group>";
		};
		DF4F935C18D9D66300C6ED26 /* Character */ = {
			isa = PBXGroup;
			children = (
				DF78AEC618B66C6C009DB90B /* Character.h */,
				DF78AEC718B66C6C009DB90B /* Character.m */,
				DFB07C1118815C9C00FF0EF7 /* Insanity.h */,
				DFB07C1218815C9C00FF0EF7 /* Insanity.m */,
				DF4F937918DDBFF100C6ED26 /* CharacterConditionAttributes.h */,
				DF4F937A18DDBFF100C6ED26 /* CharacterConditionAttributes.m */,
				DF49369618EC6FBB0058129E /* StatSet.h */,
				DF49369718EC6FBB0058129E /* StatSet.m */,
			);
			name = Character;
			sourceTree = "<group>";
		};
		DF4F935D18D9D68200C6ED26 /* Items */ = {
			isa = PBXGroup;
			children = (
				DFB07C0818815C9B00FF0EF7 /* Item.h */,
				DFB07C0918815C9B00FF0EF7 /* Item.m */,
				DFB07C1718815C9C00FF0EF7 /* WeaponMelee.h */,
				DFB07C1818815C9C00FF0EF7 /* WeaponMelee.m */,
				DFB07C1D18815C9C00FF0EF7 /* WeaponRanged.h */,
				DFB07C1E18815C9C00FF0EF7 /* WeaponRanged.m */,
			);
			name = Items;
			sourceTree = "<group>";
		};
		DFAED0F3186309B40039D17B = {
			isa = PBXGroup;
			children = (
				DFAED13418630A350039D17B /* Model */,
				DFAED105186309B40039D17B /* PlayerProgressTracker */,
				DFAED124186309B40039D17B /* PlayerProgressTrackerTests */,
				DFAED0FE186309B40039D17B /* Frameworks */,
				DFAED0FD186309B40039D17B /* Products */,
			);
			sourceTree = "<group>";
		};
		DFAED0FD186309B40039D17B /* Products */ = {
			isa = PBXGroup;
			children = (
				DFAED0FC186309B40039D17B /* Xp Tracker.app */,
				DFAED11D186309B40039D17B /* PlayerProgressTrackerTests.xctest */,
			);
			name = Products;
			sourceTree = "<group>";
		};
		DFAED0FE186309B40039D17B /* Frameworks */ = {
			isa = PBXGroup;
			children = (
				DFAED0FF186309B40039D17B /* Foundation.framework */,
				DFAED101186309B40039D17B /* CoreGraphics.framework */,
				DFAED103186309B40039D17B /* UIKit.framework */,
				DFAED11E186309B40039D17B /* XCTest.framework */,
			);
			name = Frameworks;
			sourceTree = "<group>";
		};
		DFAED105186309B40039D17B /* PlayerProgressTracker */ = {
			isa = PBXGroup;
			children = (
				DFC886A318A2C74A00955B04 /* SubControllers */,
				DFB07BFC187EFA1700FF0EF7 /* Resourses */,
				DF24B1251871ECA400B57855 /* View classes */,
				DF24B1291874B75900B57855 /* ColorConstants.h */,
				DFAED10E186309B40039D17B /* AppDelegate.h */,
				DFAED10F186309B40039D17B /* AppDelegate.m */,
				DFAED111186309B40039D17B /* Main.storyboard */,
				DFAED114186309B40039D17B /* PlayerListViewController.h */,
				DFAED115186309B40039D17B /* PlayerListViewController.m */,
				DF24B11F1871DF0C00B57855 /* NewCharacterViewController.h */,
				DF24B1201871DF0C00B57855 /* NewCharacterViewController.m */,
				DF24B1261874B46C00B57855 /* CharacterStatListViewController.h */,
				DF24B1271874B46C00B57855 /* CharacterStatListViewController.m */,
				DFAED117186309B40039D17B /* Images.xcassets */,
				DFAED106186309B40039D17B /* Supporting Files */,
			);
			path = PlayerProgressTracker;
			sourceTree = "<group>";
		};
		DFAED106186309B40039D17B /* Supporting Files */ = {
			isa = PBXGroup;
			children = (
				DFAED107186309B40039D17B /* PlayerProgressTracker-Info.plist */,
				DFAED108186309B40039D17B /* InfoPlist.strings */,
				DFAED10B186309B40039D17B /* main.m */,
				DFAED10D186309B40039D17B /* PlayerProgressTracker-Prefix.pch */,
			);
			name = "Supporting Files";
			sourceTree = "<group>";
		};
		DFAED124186309B40039D17B /* PlayerProgressTrackerTests */ = {
			isa = PBXGroup;
			children = (
				DFAED12A186309B40039D17B /* PlayerProgressTrackerTests.m */,
				DFAED125186309B40039D17B /* Supporting Files */,
			);
			path = PlayerProgressTrackerTests;
			sourceTree = "<group>";
		};
		DFAED125186309B40039D17B /* Supporting Files */ = {
			isa = PBXGroup;
			children = (
				DFAED126186309B40039D17B /* PlayerProgressTrackerTests-Info.plist */,
				DFAED127186309B40039D17B /* InfoPlist.strings */,
			);
			name = "Supporting Files";
			sourceTree = "<group>";
		};
		DFAED13418630A350039D17B /* Model */ = {
			isa = PBXGroup;
			children = (
				DFAED141186333140039D17B /* CoreData */,
				DFC88CAA186B0EA6007E4D90 /* SkillManager.h */,
				DFC88CAB186B0EA6007E4D90 /* SkillManager.m */,
				DFAED13B1863329B0039D17B /* AppSettings.h */,
				DFAED13C1863329B0039D17B /* AppSettings.m */,
			);
			name = Model;
			sourceTree = "<group>";
		};
		DFAED141186333140039D17B /* CoreData */ = {
			isa = PBXGroup;
			children = (
				DF4F935D18D9D68200C6ED26 /* Items */,
				DF4F935C18D9D66300C6ED26 /* Character */,
				DF4F935B18D9D64B00C6ED26 /* Skills */,
				DFAED138186331790039D17B /* CoreDataClass.h */,
				DFAED139186331790039D17B /* CoreDataClass.m */,
				DFAED13518630A540039D17B /* Model.xcdatamodeld */,
				DFB07C2218815EE800FF0EF7 /* Pic.h */,
				DFB07C2318815EE800FF0EF7 /* Pic.m */,
			);
			name = CoreData;
			sourceTree = "<group>";
		};
		DFB07BFC187EFA1700FF0EF7 /* Resourses */ = {
			isa = PBXGroup;
			children = (
				DF4F936C18DDB3FD00C6ED26 /* AppIcon.png */,
				DF4F936D18DDB3FD00C6ED26 /* AppIcon@2x.png */,
				DF6E929218D4399B000967F5 /* noImage.png */,
				DF6E929318D4399B000967F5 /* noImage@2x.png */,
				DF6E928A18D43946000967F5 /* lowerXp.png */,
				DF6E928B18D43946000967F5 /* lowerXp@2x.png */,
				DF6E928C18D43946000967F5 /* raiseXp.png */,
				DF6E928D18D43946000967F5 /* raiseXp@2x.png */,
			);
			name = Resourses;
			sourceTree = "<group>";
		};
		DFC886A318A2C74A00955B04 /* SubControllers */ = {
			isa = PBXGroup;
			children = (
				DFAED13E186333000039D17B /* CoreDataViewController.h */,
				DFAED13F186333000039D17B /* CoreDataViewController.m */,
				DFC3B9B818884C7A0026C0A4 /* SkillTableViewController.h */,
				DFC3B9B918884C7A0026C0A4 /* SkillTableViewController.m */,
				DFAED1601864D4C10039D17B /* DropDownViewController.h */,
				DFAED1611864D4C10039D17B /* DropDownViewController.m */,
				DFB07C05187F0AEE00FF0EF7 /* StatSetDropDown.h */,
				DFB07C06187F0AEE00FF0EF7 /* StatSetDropDown.m */,
			);
			name = SubControllers;
			sourceTree = "<group>";
		};
/* End PBXGroup section */

/* Begin PBXNativeTarget section */
		DFAED0FB186309B40039D17B /* PlayerProgressTracker */ = {
			isa = PBXNativeTarget;
			buildConfigurationList = DFAED12E186309B40039D17B /* Build configuration list for PBXNativeTarget "PlayerProgressTracker" */;
			buildPhases = (
				DFAED0F8186309B40039D17B /* Sources */,
				DFAED0F9186309B40039D17B /* Frameworks */,
				DFAED0FA186309B40039D17B /* Resources */,
			);
			buildRules = (
			);
			dependencies = (
			);
			name = PlayerProgressTracker;
			productName = PlayerProgressTracker;
			productReference = DFAED0FC186309B40039D17B /* Xp Tracker.app */;
			productType = "com.apple.product-type.application";
		};
		DFAED11C186309B40039D17B /* PlayerProgressTrackerTests */ = {
			isa = PBXNativeTarget;
			buildConfigurationList = DFAED131186309B40039D17B /* Build configuration list for PBXNativeTarget "PlayerProgressTrackerTests" */;
			buildPhases = (
				DFAED119186309B40039D17B /* Sources */,
				DFAED11A186309B40039D17B /* Frameworks */,
				DFAED11B186309B40039D17B /* Resources */,
			);
			buildRules = (
			);
			dependencies = (
				DFAED123186309B40039D17B /* PBXTargetDependency */,
			);
			name = PlayerProgressTrackerTests;
			productName = PlayerProgressTrackerTests;
			productReference = DFAED11D186309B40039D17B /* PlayerProgressTrackerTests.xctest */;
			productType = "com.apple.product-type.bundle.unit-test";
		};
/* End PBXNativeTarget section */

/* Begin PBXProject section */
		DFAED0F4186309B40039D17B /* Project object */ = {
			isa = PBXProject;
			attributes = {
				LastUpgradeCheck = 0500;
				ORGANIZATIONNAME = WierdMasks;
				TargetAttributes = {
					DFAED11C186309B40039D17B = {
						TestTargetID = DFAED0FB186309B40039D17B;
					};
				};
			};
			buildConfigurationList = DFAED0F7186309B40039D17B /* Build configuration list for PBXProject "PlayerProgressTracker" */;
			compatibilityVersion = "Xcode 3.2";
			developmentRegion = English;
			hasScannedForEncodings = 0;
			knownRegions = (
				en,
				Base,
			);
			mainGroup = DFAED0F3186309B40039D17B;
			productRefGroup = DFAED0FD186309B40039D17B /* Products */;
			projectDirPath = "";
			projectRoot = "";
			targets = (
				DFAED0FB186309B40039D17B /* PlayerProgressTracker */,
				DFAED11C186309B40039D17B /* PlayerProgressTrackerTests */,
			);
		};
/* End PBXProject section */

/* Begin PBXResourcesBuildPhase section */
		DFAED0FA186309B40039D17B /* Resources */ = {
			isa = PBXResourcesBuildPhase;
			buildActionMask = 2147483647;
			files = (
				DF4F936818DCC32300C6ED26 /* StatView.xib in Resources */,
				DFAED118186309B40039D17B /* Images.xcassets in Resources */,
				DF6E928F18D43946000967F5 /* lowerXp@2x.png in Resources */,
				DF6E929418D4399B000967F5 /* noImage.png in Resources */,
				DF6E929018D43946000967F5 /* raiseXp.png in Resources */,
				DF6E927C18D33F18000967F5 /* SkillViewCell.xib in Resources */,
				DFAED10A186309B40039D17B /* InfoPlist.strings in Resources */,
				DFAED113186309B40039D17B /* Main.storyboard in Resources */,
				DF4F936F18DDB3FD00C6ED26 /* AppIcon@2x.png in Resources */,
				DF4F936E18DDB3FD00C6ED26 /* AppIcon.png in Resources */,
				DF6E929118D43946000967F5 /* raiseXp@2x.png in Resources */,
				DF6E928E18D43946000967F5 /* lowerXp.png in Resources */,
				DF6E929518D4399B000967F5 /* noImage@2x.png in Resources */,
			);
			runOnlyForDeploymentPostprocessing = 0;
		};
		DFAED11B186309B40039D17B /* Resources */ = {
			isa = PBXResourcesBuildPhase;
			buildActionMask = 2147483647;
			files = (
				DFAED129186309B40039D17B /* InfoPlist.strings in Resources */,
			);
			runOnlyForDeploymentPostprocessing = 0;
		};
/* End PBXResourcesBuildPhase section */

/* Begin PBXSourcesBuildPhase section */
		DFAED0F8186309B40039D17B /* Sources */ = {
			isa = PBXSourcesBuildPhase;
			buildActionMask = 2147483647;
			files = (
				DF4F935418D9D5D400C6ED26 /* MeleeSkill.m in Sources */,
				DF24B1281874B46C00B57855 /* CharacterStatListViewController.m in Sources */,
				DF24B1241871EC9A00B57855 /* PlayerCellView.m in Sources */,
				DFC3B9B4188849E00026C0A4 /* SkillViewCell.m in Sources */,
				DFB07C1F18815C9C00FF0EF7 /* WeaponRanged.m in Sources */,
				DFC3B9BA18884C7A0026C0A4 /* SkillTableViewController.m in Sources */,
				DF4F937518DDBF6100C6ED26 /* MagicSkill.m in Sources */,
				DF24B1341877377900B57855 /* StatView.m in Sources */,
				DF24B1211871DF0C00B57855 /* NewCharacterViewController.m in Sources */,
				DFC88CAC186B0EA6007E4D90 /* SkillManager.m in Sources */,
				DF2A96D818982CBD00A6EB45 /* Skill.m in Sources */,
				DF49369818EC6FBB0058129E /* StatSet.m in Sources */,
				DF6E927F18D43076000967F5 /* CustomXpRaisingBtnView.m in Sources */,
				DFAED116186309B40039D17B /* PlayerListViewController.m in Sources */,
				DFAED110186309B40039D17B /* AppDelegate.m in Sources */,
				DF49368F18E569D30058129E /* CoreSkill.m in Sources */,
				DFAED13D1863329B0039D17B /* AppSettings.m in Sources */,
				DF78AEC818B66C6C009DB90B /* Character.m in Sources */,
				DF4F937818DDBF6100C6ED26 /* PietySkill.m in Sources */,
				DFAED10C186309B40039D17B /* main.m in Sources */,
				DF4F937218DDBF6100C6ED26 /* RangeSkill.m in Sources */,
				DF4F937B18DDBFF100C6ED26 /* CharacterConditionAttributes.m in Sources */,
				DFAED140186333000039D17B /* CoreDataViewController.m in Sources */,
				DFB07C1318815C9C00FF0EF7 /* Insanity.m in Sources */,
				DFB07C1918815C9C00FF0EF7 /* WeaponMelee.m in Sources */,
				DFAED1621864D4C10039D17B /* DropDownViewController.m in Sources */,
				DFB07C0A18815C9B00FF0EF7 /* Item.m in Sources */,
				DF4F936B18DDABC000C6ED26 /* RegularSkill.m in Sources */,
				DFB07C07187F0AEE00FF0EF7 /* StatSetDropDown.m in Sources */,
				DFAED13A186331790039D17B /* CoreDataClass.m in Sources */,
				DF2A96D518982CBD00A6EB45 /* SkillTemplate.m in Sources */,
				DFAED13718630A540039D17B /* Model.xcdatamodeld in Sources */,
				DFB07C2718815EE800FF0EF7 /* Pic.m in Sources */,
			);
			runOnlyForDeploymentPostprocessing = 0;
		};
		DFAED119186309B40039D17B /* Sources */ = {
			isa = PBXSourcesBuildPhase;
			buildActionMask = 2147483647;
			files = (
				DFAED12B186309B40039D17B /* PlayerProgressTrackerTests.m in Sources */,
			);
			runOnlyForDeploymentPostprocessing = 0;
		};
/* End PBXSourcesBuildPhase section */

/* Begin PBXTargetDependency section */
		DFAED123186309B40039D17B /* PBXTargetDependency */ = {
			isa = PBXTargetDependency;
			target = DFAED0FB186309B40039D17B /* PlayerProgressTracker */;
			targetProxy = DFAED122186309B40039D17B /* PBXContainerItemProxy */;
		};
/* End PBXTargetDependency section */

/* Begin PBXVariantGroup section */
		DFAED108186309B40039D17B /* InfoPlist.strings */ = {
			isa = PBXVariantGroup;
			children = (
				DFAED109186309B40039D17B /* en */,
			);
			name = InfoPlist.strings;
			sourceTree = "<group>";
		};
		DFAED111186309B40039D17B /* Main.storyboard */ = {
			isa = PBXVariantGroup;
			children = (
				DFAED112186309B40039D17B /* Base */,
			);
			name = Main.storyboard;
			sourceTree = "<group>";
		};
		DFAED127186309B40039D17B /* InfoPlist.strings */ = {
			isa = PBXVariantGroup;
			children = (
				DFAED128186309B40039D17B /* en */,
			);
			name = InfoPlist.strings;
			sourceTree = "<group>";
		};
/* End PBXVariantGroup section */

/* Begin XCBuildConfiguration section */
		DFAED12C186309B40039D17B /* Debug */ = {
			isa = XCBuildConfiguration;
			buildSettings = {
				ALWAYS_SEARCH_USER_PATHS = NO;
				ARCHS = "$(ARCHS_STANDARD_INCLUDING_64_BIT)";
				CLANG_CXX_LANGUAGE_STANDARD = "gnu++0x";
				CLANG_CXX_LIBRARY = "libc++";
				CLANG_ENABLE_MODULES = YES;
				CLANG_ENABLE_OBJC_ARC = YES;
				CLANG_WARN_BOOL_CONVERSION = YES;
				CLANG_WARN_CONSTANT_CONVERSION = YES;
				CLANG_WARN_DIRECT_OBJC_ISA_USAGE = YES_ERROR;
				CLANG_WARN_EMPTY_BODY = YES;
				CLANG_WARN_ENUM_CONVERSION = YES;
				CLANG_WARN_INT_CONVERSION = YES;
				CLANG_WARN_OBJC_ROOT_CLASS = YES_ERROR;
				CLANG_WARN__DUPLICATE_METHOD_MATCH = YES;
				"CODE_SIGN_IDENTITY[sdk=iphoneos*]" = "iPhone Developer";
				COPY_PHASE_STRIP = NO;
				GCC_C_LANGUAGE_STANDARD = gnu99;
				GCC_DYNAMIC_NO_PIC = NO;
				GCC_OPTIMIZATION_LEVEL = 0;
				GCC_PREPROCESSOR_DEFINITIONS = (
					"DEBUG=1",
					"$(inherited)",
				);
				GCC_SYMBOLS_PRIVATE_EXTERN = NO;
				GCC_WARN_64_TO_32_BIT_CONVERSION = YES;
				GCC_WARN_ABOUT_RETURN_TYPE = YES_ERROR;
				GCC_WARN_UNDECLARED_SELECTOR = YES;
				GCC_WARN_UNINITIALIZED_AUTOS = YES;
				GCC_WARN_UNUSED_FUNCTION = YES;
				GCC_WARN_UNUSED_VARIABLE = YES;
				IPHONEOS_DEPLOYMENT_TARGET = 7.0;
				ONLY_ACTIVE_ARCH = YES;
				SDKROOT = iphoneos;
				TARGETED_DEVICE_FAMILY = 2;
			};
			name = Debug;
		};
		DFAED12D186309B40039D17B /* Release */ = {
			isa = XCBuildConfiguration;
			buildSettings = {
				ALWAYS_SEARCH_USER_PATHS = NO;
				ARCHS = "$(ARCHS_STANDARD_INCLUDING_64_BIT)";
				CLANG_CXX_LANGUAGE_STANDARD = "gnu++0x";
				CLANG_CXX_LIBRARY = "libc++";
				CLANG_ENABLE_MODULES = YES;
				CLANG_ENABLE_OBJC_ARC = YES;
				CLANG_WARN_BOOL_CONVERSION = YES;
				CLANG_WARN_CONSTANT_CONVERSION = YES;
				CLANG_WARN_DIRECT_OBJC_ISA_USAGE = YES_ERROR;
				CLANG_WARN_EMPTY_BODY = YES;
				CLANG_WARN_ENUM_CONVERSION = YES;
				CLANG_WARN_INT_CONVERSION = YES;
				CLANG_WARN_OBJC_ROOT_CLASS = YES_ERROR;
				CLANG_WARN__DUPLICATE_METHOD_MATCH = YES;
				"CODE_SIGN_IDENTITY[sdk=iphoneos*]" = "iPhone Developer";
				COPY_PHASE_STRIP = YES;
				ENABLE_NS_ASSERTIONS = NO;
				GCC_C_LANGUAGE_STANDARD = gnu99;
				GCC_WARN_64_TO_32_BIT_CONVERSION = YES;
				GCC_WARN_ABOUT_RETURN_TYPE = YES_ERROR;
				GCC_WARN_UNDECLARED_SELECTOR = YES;
				GCC_WARN_UNINITIALIZED_AUTOS = YES;
				GCC_WARN_UNUSED_FUNCTION = YES;
				GCC_WARN_UNUSED_VARIABLE = YES;
				IPHONEOS_DEPLOYMENT_TARGET = 7.0;
				SDKROOT = iphoneos;
				TARGETED_DEVICE_FAMILY = 2;
				VALIDATE_PRODUCT = YES;
			};
			name = Release;
		};
		DFAED12F186309B40039D17B /* Debug */ = {
			isa = XCBuildConfiguration;
			buildSettings = {
				ASSETCATALOG_COMPILER_LAUNCHIMAGE_NAME = LaunchImage;
				CODE_SIGN_IDENTITY = "iPhone Developer";
				GCC_PRECOMPILE_PREFIX_HEADER = YES;
				GCC_PREFIX_HEADER = "PlayerProgressTracker/PlayerProgressTracker-Prefix.pch";
				INFOPLIST_FILE = "PlayerProgressTracker/PlayerProgressTracker-Info.plist";
				PRODUCT_NAME = "Xp Tracker";
				WRAPPER_EXTENSION = app;
			};
			name = Debug;
		};
		DFAED130186309B40039D17B /* Release */ = {
			isa = XCBuildConfiguration;
			buildSettings = {
				ASSETCATALOG_COMPILER_LAUNCHIMAGE_NAME = LaunchImage;
				CODE_SIGN_IDENTITY = "iPhone Developer";
				GCC_PRECOMPILE_PREFIX_HEADER = YES;
				GCC_PREFIX_HEADER = "PlayerProgressTracker/PlayerProgressTracker-Prefix.pch";
				INFOPLIST_FILE = "PlayerProgressTracker/PlayerProgressTracker-Info.plist";
				PRODUCT_NAME = "Xp Tracker";
				WRAPPER_EXTENSION = app;
			};
			name = Release;
		};
		DFAED132186309B40039D17B /* Debug */ = {
			isa = XCBuildConfiguration;
			buildSettings = {
				ARCHS = "$(ARCHS_STANDARD_INCLUDING_64_BIT)";
				BUNDLE_LOADER = "$(BUILT_PRODUCTS_DIR)/PlayerProgressTracker.app/PlayerProgressTracker";
				FRAMEWORK_SEARCH_PATHS = (
					"$(SDKROOT)/Developer/Library/Frameworks",
					"$(inherited)",
					"$(DEVELOPER_FRAMEWORKS_DIR)",
				);
				GCC_PRECOMPILE_PREFIX_HEADER = YES;
				GCC_PREFIX_HEADER = "PlayerProgressTracker/PlayerProgressTracker-Prefix.pch";
				GCC_PREPROCESSOR_DEFINITIONS = (
					"DEBUG=1",
					"$(inherited)",
				);
				INFOPLIST_FILE = "PlayerProgressTrackerTests/PlayerProgressTrackerTests-Info.plist";
				PRODUCT_NAME = "$(TARGET_NAME)";
				TEST_HOST = "$(BUNDLE_LOADER)";
				WRAPPER_EXTENSION = xctest;
			};
			name = Debug;
		};
		DFAED133186309B40039D17B /* Release */ = {
			isa = XCBuildConfiguration;
			buildSettings = {
				ARCHS = "$(ARCHS_STANDARD_INCLUDING_64_BIT)";
				BUNDLE_LOADER = "$(BUILT_PRODUCTS_DIR)/PlayerProgressTracker.app/PlayerProgressTracker";
				FRAMEWORK_SEARCH_PATHS = (
					"$(SDKROOT)/Developer/Library/Frameworks",
					"$(inherited)",
					"$(DEVELOPER_FRAMEWORKS_DIR)",
				);
				GCC_PRECOMPILE_PREFIX_HEADER = YES;
				GCC_PREFIX_HEADER = "PlayerProgressTracker/PlayerProgressTracker-Prefix.pch";
				INFOPLIST_FILE = "PlayerProgressTrackerTests/PlayerProgressTrackerTests-Info.plist";
				PRODUCT_NAME = "$(TARGET_NAME)";
				TEST_HOST = "$(BUNDLE_LOADER)";
				WRAPPER_EXTENSION = xctest;
			};
			name = Release;
		};
/* End XCBuildConfiguration section */

/* Begin XCConfigurationList section */
		DFAED0F7186309B40039D17B /* Build configuration list for PBXProject "PlayerProgressTracker" */ = {
			isa = XCConfigurationList;
			buildConfigurations = (
				DFAED12C186309B40039D17B /* Debug */,
				DFAED12D186309B40039D17B /* Release */,
			);
			defaultConfigurationIsVisible = 0;
			defaultConfigurationName = Release;
		};
		DFAED12E186309B40039D17B /* Build configuration list for PBXNativeTarget "PlayerProgressTracker" */ = {
			isa = XCConfigurationList;
			buildConfigurations = (
				DFAED12F186309B40039D17B /* Debug */,
				DFAED130186309B40039D17B /* Release */,
			);
			defaultConfigurationIsVisible = 0;
			defaultConfigurationName = Release;
		};
		DFAED131186309B40039D17B /* Build configuration list for PBXNativeTarget "PlayerProgressTrackerTests" */ = {
			isa = XCConfigurationList;
			buildConfigurations = (
				DFAED132186309B40039D17B /* Debug */,
				DFAED133186309B40039D17B /* Release */,
			);
			defaultConfigurationIsVisible = 0;
			defaultConfigurationName = Release;
		};
/* End XCConfigurationList section */

/* Begin XCVersionGroup section */
		DFAED13518630A540039D17B /* Model.xcdatamodeld */ = {
			isa = XCVersionGroup;
			children = (
				DFAED13618630A540039D17B /* Model.xcdatamodel */,
			);
			currentVersion = DFAED13618630A540039D17B /* Model.xcdatamodel */;
			path = Model.xcdatamodeld;
			sourceTree = "<group>";
			versionGroupType = wrapper.xcdatamodel;
		};
/* End XCVersionGroup section */
	};
	rootObject = DFAED0F4186309B40039D17B /* Project object */;
}
